// !$*UTF8*$!
{
	archiveVersion = 1;
	classes = {
	};
	objectVersion = 50;
	objects = {

/* Begin PBXBuildFile section */
		5305790422E7F6BF00C8A5CC /* AppDelegate.swift in Sources */ = {isa = PBXBuildFile; fileRef = 5305790322E7F6BF00C8A5CC /* AppDelegate.swift */; };
		5305790622E7F6BF00C8A5CC /* ViewController.swift in Sources */ = {isa = PBXBuildFile; fileRef = 5305790522E7F6BF00C8A5CC /* ViewController.swift */; };
		5305790922E7F6BF00C8A5CC /* Main.storyboard in Resources */ = {isa = PBXBuildFile; fileRef = 5305790722E7F6BF00C8A5CC /* Main.storyboard */; };
		5305790C22E7F6BF00C8A5CC /* Hackaton.xcdatamodeld in Sources */ = {isa = PBXBuildFile; fileRef = 5305790A22E7F6BF00C8A5CC /* Hackaton.xcdatamodeld */; };
		5305790E22E7F6C000C8A5CC /* Assets.xcassets in Resources */ = {isa = PBXBuildFile; fileRef = 5305790D22E7F6C000C8A5CC /* Assets.xcassets */; };
		5305791122E7F6C000C8A5CC /* LaunchScreen.storyboard in Resources */ = {isa = PBXBuildFile; fileRef = 5305790F22E7F6C000C8A5CC /* LaunchScreen.storyboard */; };
		5305791922E842B000C8A5CC /* CMExtension.swift in Sources */ = {isa = PBXBuildFile; fileRef = 5305791822E842B000C8A5CC /* CMExtension.swift */; };
/* End PBXBuildFile section */

/* Begin PBXFileReference section */
		5305790022E7F6BF00C8A5CC /* Hackaton.app */ = {isa = PBXFileReference; explicitFileType = wrapper.application; includeInIndex = 0; path = Hackaton.app; sourceTree = BUILT_PRODUCTS_DIR; };
		5305790322E7F6BF00C8A5CC /* AppDelegate.swift */ = {isa = PBXFileReference; lastKnownFileType = sourcecode.swift; path = AppDelegate.swift; sourceTree = "<group>"; };
		5305790522E7F6BF00C8A5CC /* ViewController.swift */ = {isa = PBXFileReference; lastKnownFileType = sourcecode.swift; path = ViewController.swift; sourceTree = "<group>"; };
		5305790822E7F6BF00C8A5CC /* Base */ = {isa = PBXFileReference; lastKnownFileType = file.storyboard; name = Base; path = Base.lproj/Main.storyboard; sourceTree = "<group>"; };
		5305790B22E7F6BF00C8A5CC /* Hackaton.xcdatamodel */ = {isa = PBXFileReference; lastKnownFileType = wrapper.xcdatamodel; path = Hackaton.xcdatamodel; sourceTree = "<group>"; };
		5305790D22E7F6C000C8A5CC /* Assets.xcassets */ = {isa = PBXFileReference; lastKnownFileType = folder.assetcatalog; path = Assets.xcassets; sourceTree = "<group>"; };
		5305791022E7F6C000C8A5CC /* Base */ = {isa = PBXFileReference; lastKnownFileType = file.storyboard; name = Base; path = Base.lproj/LaunchScreen.storyboard; sourceTree = "<group>"; };
		5305791222E7F6C000C8A5CC /* Info.plist */ = {isa = PBXFileReference; lastKnownFileType = text.plist.xml; path = Info.plist; sourceTree = "<group>"; };
		5305791822E842B000C8A5CC /* CMExtension.swift */ = {isa = PBXFileReference; lastKnownFileType = sourcecode.swift; path = CMExtension.swift; sourceTree = "<group>"; };
/* End PBXFileReference section */

/* Begin PBXFrameworksBuildPhase section */
		530578FD22E7F6BF00C8A5CC /* Frameworks */ = {
			isa = PBXFrameworksBuildPhase;
			buildActionMask = 2147483647;
			files = (
			);
			runOnlyForDeploymentPostprocessing = 0;
		};
/* End PBXFrameworksBuildPhase section */

/* Begin PBXGroup section */
		530578F722E7F6BF00C8A5CC = {
			isa = PBXGroup;
			children = (
				5305790222E7F6BF00C8A5CC /* Hackaton */,
				5305790122E7F6BF00C8A5CC /* Products */,
			);
			sourceTree = "<group>";
		};
		5305790122E7F6BF00C8A5CC /* Products */ = {
			isa = PBXGroup;
			children = (
				5305790022E7F6BF00C8A5CC /* Hackaton.app */,
			);
			name = Products;
			sourceTree = "<group>";
		};
		5305790222E7F6BF00C8A5CC /* Hackaton */ = {
			isa = PBXGroup;
			children = (
				5305790322E7F6BF00C8A5CC /* AppDelegate.swift */,
				5305790522E7F6BF00C8A5CC /* ViewController.swift */,
				5305790722E7F6BF00C8A5CC /* Main.storyboard */,
				5305790D22E7F6C000C8A5CC /* Assets.xcassets */,
				5305790F22E7F6C000C8A5CC /* LaunchScreen.storyboard */,
				5305791222E7F6C000C8A5CC /* Info.plist */,
				5305790A22E7F6BF00C8A5CC /* Hackaton.xcdatamodeld */,
				5305791822E842B000C8A5CC /* CMExtension.swift */,
			);
			path = Hackaton;
			sourceTree = "<group>";
		};
/* End PBXGroup section */

/* Begin PBXNativeTarget section */
		530578FF22E7F6BF00C8A5CC /* Hackaton */ = {
			isa = PBXNativeTarget;
			buildConfigurationList = 5305791522E7F6C000C8A5CC /* Build configuration list for PBXNativeTarget "Hackaton" */;
			buildPhases = (
				530578FC22E7F6BF00C8A5CC /* Sources */,
				530578FD22E7F6BF00C8A5CC /* Frameworks */,
				530578FE22E7F6BF00C8A5CC /* Resources */,
			);
			buildRules = (
			);
			dependencies = (
			);
			name = Hackaton;
			productName = Hackaton;
			productReference = 5305790022E7F6BF00C8A5CC /* Hackaton.app */;
			productType = "com.apple.product-type.application";
		};
/* End PBXNativeTarget section */

/* Begin PBXProject section */
		530578F822E7F6BF00C8A5CC /* Project object */ = {
			isa = PBXProject;
			attributes = {
				LastSwiftUpdateCheck = 1020;
				LastUpgradeCheck = 1020;
				ORGANIZATIONNAME = s89506;
				TargetAttributes = {
					530578FF22E7F6BF00C8A5CC = {
						CreatedOnToolsVersion = 10.2.1;
					};
				};
			};
			buildConfigurationList = 530578FB22E7F6BF00C8A5CC /* Build configuration list for PBXProject "Hackaton" */;
			compatibilityVersion = "Xcode 9.3";
			developmentRegion = en;
			hasScannedForEncodings = 0;
			knownRegions = (
				en,
				Base,
			);
			mainGroup = 530578F722E7F6BF00C8A5CC;
			productRefGroup = 5305790122E7F6BF00C8A5CC /* Products */;
			projectDirPath = "";
			projectRoot = "";
			targets = (
				530578FF22E7F6BF00C8A5CC /* Hackaton */,
			);
		};
/* End PBXProject section */

/* Begin PBXResourcesBuildPhase section */
		530578FE22E7F6BF00C8A5CC /* Resources */ = {
			isa = PBXResourcesBuildPhase;
			buildActionMask = 2147483647;
			files = (
				5305791122E7F6C000C8A5CC /* LaunchScreen.storyboard in Resources */,
				5305790E22E7F6C000C8A5CC /* Assets.xcassets in Resources */,
				5305790922E7F6BF00C8A5CC /* Main.storyboard in Resources */,
			);
			runOnlyForDeploymentPostprocessing = 0;
		};
/* End PBXResourcesBuildPhase section */

/* Begin PBXSourcesBuildPhase section */
		530578FC22E7F6BF00C8A5CC /* Sources */ = {
			isa = PBXSourcesBuildPhase;
			buildActionMask = 2147483647;
			files = (
				5305790622E7F6BF00C8A5CC /* ViewController.swift in Sources */,
				5305791922E842B000C8A5CC /* CMExtension.swift in Sources */,
				5305790422E7F6BF00C8A5CC /* AppDelegate.swift in Sources */,
				5305790C22E7F6BF00C8A5CC /* Hackaton.xcdatamodeld in Sources */,
			);
			runOnlyForDeploymentPostprocessing = 0;
		};
/* End PBXSourcesBuildPhase section */

/* Begin PBXVariantGroup section */
		5305790722E7F6BF00C8A5CC /* Main.storyboard */ = {
			isa = PBXVariantGroup;
			children = (
				5305790822E7F6BF00C8A5CC /* Base */,
			);
			name = Main.storyboard;
			sourceTree = "<group>";
		};
		5305790F22E7F6C000C8A5CC /* LaunchScreen.storyboard */ = {
			isa = PBXVariantGroup;
			children = (
				5305791022E7F6C000C8A5CC /* Base */,
			);
			name = LaunchScreen.storyboard;
			sourceTree = "<group>";
		};
/* End PBXVariantGroup section */

/* Begin XCBuildConfiguration section */
		5305791322E7F6C000C8A5CC /* Debug */ = {
			isa = XCBuildConfiguration;
			buildSettings = {
				ALWAYS_SEARCH_USER_PATHS = NO;
				CLANG_ANALYZER_NONNULL = YES;
				CLANG_ANALYZER_NUMBER_OBJECT_CONVERSION = YES_AGGRESSIVE;
				CLANG_CXX_LANGUAGE_STANDARD = "gnu++14";
				CLANG_CXX_LIBRARY = "libc++";
				CLANG_ENABLE_MODULES = YES;
				CLANG_ENABLE_OBJC_ARC = YES;
				CLANG_ENABLE_OBJC_WEAK = YES;
				CLANG_WARN_BLOCK_CAPTURE_AUTORELEASING = YES;
				CLANG_WARN_BOOL_CONVERSION = YES;
				CLANG_WARN_COMMA = YES;
				CLANG_WARN_CONSTANT_CONVERSION = YES;
				CLANG_WARN_DEPRECATED_OBJC_IMPLEMENTATIONS = YES;
				CLANG_WARN_DIRECT_OBJC_ISA_USAGE = YES_ERROR;
				CLANG_WARN_DOCUMENTATION_COMMENTS = YES;
				CLANG_WARN_EMPTY_BODY = YES;
				CLANG_WARN_ENUM_CONVERSION = YES;
				CLANG_WARN_INFINITE_RECURSION = YES;
				CLANG_WARN_INT_CONVERSION = YES;
				CLANG_WARN_NON_LITERAL_NULL_CONVERSION = YES;
				CLANG_WARN_OBJC_IMPLICIT_RETAIN_SELF = YES;
				CLANG_WARN_OBJC_LITERAL_CONVERSION = YES;
				CLANG_WARN_OBJC_ROOT_CLASS = YES_ERROR;
				CLANG_WARN_RANGE_LOOP_ANALYSIS = YES;
				CLANG_WARN_STRICT_PROTOTYPES = YES;
				CLANG_WARN_SUSPICIOUS_MOVE = YES;
				CLANG_WARN_UNGUARDED_AVAILABILITY = YES_AGGRESSIVE;
				CLANG_WARN_UNREACHABLE_CODE = YES;
				CLANG_WARN__DUPLICATE_METHOD_MATCH = YES;
				CODE_SIGN_IDENTITY = "iPhone Developer";
				COPY_PHASE_STRIP = NO;
				DEBUG_INFORMATION_FORMAT = dwarf;
				ENABLE_STRICT_OBJC_MSGSEND = YES;
				ENABLE_TESTABILITY = YES;
				GCC_C_LANGUAGE_STANDARD = gnu11;
				GCC_DYNAMIC_NO_PIC = NO;
				GCC_NO_COMMON_BLOCKS = YES;
				GCC_OPTIMIZATION_LEVEL = 0;
				GCC_PREPROCESSOR_DEFINITIONS = (
					"DEBUG=1",
					"$(inherited)",
				);
				GCC_WARN_64_TO_32_BIT_CONVERSION = YES;
				GCC_WARN_ABOUT_RETURN_TYPE = YES_ERROR;
				GCC_WARN_UNDECLARED_SELECTOR = YES;
				GCC_WARN_UNINITIALIZED_AUTOS = YES_AGGRESSIVE;
				GCC_WARN_UNUSED_FUNCTION = YES;
				GCC_WARN_UNUSED_VARIABLE = YES;
				IPHONEOS_DEPLOYMENT_TARGET = 12.2;
				MTL_ENABLE_DEBUG_INFO = INCLUDE_SOURCE;
				MTL_FAST_MATH = YES;
				ONLY_ACTIVE_ARCH = YES;
				SDKROOT = iphoneos;
				SWIFT_ACTIVE_COMPILATION_CONDITIONS = DEBUG;
				SWIFT_OPTIMIZATION_LEVEL = "-Onone";
			};
			name = Debug;
		};
		5305791422E7F6C000C8A5CC /* Release */ = {
			isa = XCBuildConfiguration;
			buildSettings = {
				ALWAYS_SEARCH_USER_PATHS = NO;
				CLANG_ANALYZER_NONNULL = YES;
				CLANG_ANALYZER_NUMBER_OBJECT_CONVERSION = YES_AGGRESSIVE;
				CLANG_CXX_LANGUAGE_STANDARD = "gnu++14";
				CLANG_CXX_LIBRARY = "libc++";
				CLANG_ENABLE_MODULES = YES;
				CLANG_ENABLE_OBJC_ARC = YES;
				CLANG_ENABLE_OBJC_WEAK = YES;
				CLANG_WARN_BLOCK_CAPTURE_AUTORELEASING = YES;
				CLANG_WARN_BOOL_CONVERSION = YES;
				CLANG_WARN_COMMA = YES;
				CLANG_WARN_CONSTANT_CONVERSION = YES;
				CLANG_WARN_DEPRECATED_OBJC_IMPLEMENTATIONS = YES;
				CLANG_WARN_DIRECT_OBJC_ISA_USAGE = YES_ERROR;
				CLANG_WARN_DOCUMENTATION_COMMENTS = YES;
				CLANG_WARN_EMPTY_BODY = YES;
				CLANG_WARN_ENUM_CONVERSION = YES;
				CLANG_WARN_INFINITE_RECURSION = YES;
				CLANG_WARN_INT_CONVERSION = YES;
				CLANG_WARN_NON_LITERAL_NULL_CONVERSION = YES;
				CLANG_WARN_OBJC_IMPLICIT_RETAIN_SELF = YES;
				CLANG_WARN_OBJC_LITERAL_CONVERSION = YES;
				CLANG_WARN_OBJC_ROOT_CLASS = YES_ERROR;
				CLANG_WARN_RANGE_LOOP_ANALYSIS = YES;
				CLANG_WARN_STRICT_PROTOTYPES = YES;
				CLANG_WARN_SUSPICIOUS_MOVE = YES;
				CLANG_WARN_UNGUARDED_AVAILABILITY = YES_AGGRESSIVE;
				CLANG_WARN_UNREACHABLE_CODE = YES;
				CLANG_WARN__DUPLICATE_METHOD_MATCH = YES;
				CODE_SIGN_IDENTITY = "iPhone Developer";
				COPY_PHASE_STRIP = NO;
				DEBUG_INFORMATION_FORMAT = "dwarf-with-dsym";
				ENABLE_NS_ASSERTIONS = NO;
				ENABLE_STRICT_OBJC_MSGSEND = YES;
				GCC_C_LANGUAGE_STANDARD = gnu11;
				GCC_NO_COMMON_BLOCKS = YES;
				GCC_WARN_64_TO_32_BIT_CONVERSION = YES;
				GCC_WARN_ABOUT_RETURN_TYPE = YES_ERROR;
				GCC_WARN_UNDECLARED_SELECTOR = YES;
				GCC_WARN_UNINITIALIZED_AUTOS = YES_AGGRESSIVE;
				GCC_WARN_UNUSED_FUNCTION = YES;
				GCC_WARN_UNUSED_VARIABLE = YES;
				IPHONEOS_DEPLOYMENT_TARGET = 12.2;
				MTL_ENABLE_DEBUG_INFO = NO;
				MTL_FAST_MATH = YES;
				SDKROOT = iphoneos;
				SWIFT_COMPILATION_MODE = wholemodule;
				SWIFT_OPTIMIZATION_LEVEL = "-O";
				VALIDATE_PRODUCT = YES;
			};
			name = Release;
		};
		5305791622E7F6C000C8A5CC /* Debug */ = {
			isa = XCBuildConfiguration;
			buildSettings = {
				ASSETCATALOG_COMPILER_APPICON_NAME = AppIcon;
				CODE_SIGN_STYLE = Automatic;
				INFOPLIST_FILE = Hackaton/Info.plist;
				LD_RUNPATH_SEARCH_PATHS = (
					"$(inherited)",
					"@executable_path/Frameworks",
				);
				PRODUCT_BUNDLE_IDENTIFIER = com.codemobiles.Hackaton;
				PRODUCT_NAME = "$(TARGET_NAME)";
				SWIFT_VERSION = 5.0;
				TARGETED_DEVICE_FAMILY = "1,2";
			};
			name = Debug;
		};
		5305791722E7F6C000C8A5CC /* Release */ = {
			isa = XCBuildConfiguration;
			buildSettings = {
				ASSETCATALOG_COMPILER_APPICON_NAME = AppIcon;
				CODE_SIGN_STYLE = Automatic;
				INFOPLIST_FILE = Hackaton/Info.plist;
				LD_RUNPATH_SEARCH_PATHS = (
					"$(inherited)",
					"@executable_path/Frameworks",
				);
				PRODUCT_BUNDLE_IDENTIFIER = com.codemobiles.Hackaton;
				PRODUCT_NAME = "$(TARGET_NAME)";
				SWIFT_VERSION = 5.0;
				TARGETED_DEVICE_FAMILY = "1,2";
			};
			name = Release;
		};
/* End XCBuildConfiguration section */

/* Begin XCConfigurationList section */
		530578FB22E7F6BF00C8A5CC /* Build configuration list for PBXProject "Hackaton" */ = {
			isa = XCConfigurationList;
			buildConfigurations = (
				5305791322E7F6C000C8A5CC /* Debug */,
				5305791422E7F6C000C8A5CC /* Release */,
			);
			defaultConfigurationIsVisible = 0;
			defaultConfigurationName = Release;
		};
		5305791522E7F6C000C8A5CC /* Build configuration list for PBXNativeTarget "Hackaton" */ = {
			isa = XCConfigurationList;
			buildConfigurations = (
				5305791622E7F6C000C8A5CC /* Debug */,
				5305791722E7F6C000C8A5CC /* Release */,
			);
			defaultConfigurationIsVisible = 0;
			defaultConfigurationName = Release;
		};
/* End XCConfigurationList section */

/* Begin XCVersionGroup section */
		5305790A22E7F6BF00C8A5CC /* Hackaton.xcdatamodeld */ = {
			isa = XCVersionGroup;
			children = (
				5305790B22E7F6BF00C8A5CC /* Hackaton.xcdatamodel */,
			);
			currentVersion = 5305790B22E7F6BF00C8A5CC /* Hackaton.xcdatamodel */;
			path = Hackaton.xcdatamodeld;
			sourceTree = "<group>";
			versionGroupType = wrapper.xcdatamodel;
		};
/* End XCVersionGroup section */
	};
	rootObject = 530578F822E7F6BF00C8A5CC /* Project object */;
}
